
Microsoft Visual Studio Solution File, Format Version 12.00
# Visual Studio Version 16
VisualStudioVersion = 16.0.29519.181
MinimumVisualStudioVersion = 10.0.40219.1
Project("{FAE04EC0-301F-11D3-BF4B-00C04F79EFBC}") = "menu1", "menu1\menu1.csproj", "{F293FD5B-848D-49E6-853F-81D31A519B78}"
EndProject
Global
	GlobalSection(SolutionConfigurationPlatforms) = preSolution
		Debug|Any CPU = Debug|Any CPU
		Release|Any CPU = Release|Any CPU
	EndGlobalSection
	GlobalSection(ProjectConfigurationPlatforms) = postSolution
		{F293FD5B-848D-49E6-853F-81D31A519B78}.Debug|Any CPU.ActiveCfg = Debug|Any CPU
		{F293FD5B-848D-49E6-853F-81D31A519B78}.Debug|Any CPU.Build.0 = Debug|Any CPU
		{F293FD5B-848D-49E6-853F-81D31A519B78}.Release|Any CPU.ActiveCfg = Release|Any CPU
		{F293FD5B-848D-49E6-853F-81D31A519B78}.Release|Any CPU.Build.0 = Release|Any CPU
	EndGlobalSection
	GlobalSection(SolutionProperties) = preSolution
		HideSolutionNode = FALSE
	EndGlobalSection
	GlobalSection(ExtensibilityGlobals) = postSolution
		SolutionGuid = {C07001DB-F424-4E22-A697-380B7F7E1DC4}
	EndGlobalSection
EndGlobal
